
Microsoft Visual Studio Solution File, Format Version 12.00
# Visual Studio Version 17
VisualStudioVersion = 17.3.32825.248
MinimumVisualStudioVersion = 10.0.40219.1
Project("{FAE04EC0-301F-11D3-BF4B-00C04F79EFBC}") = "xmltest", "xmltest\xmltest.csproj", "{522D25AC-EF6C-4661-91FD-45C3D76CA47C}"
EndProject
Global
	GlobalSection(SolutionConfigurationPlatforms) = preSolution
		Debug|Any CPU = Debug|Any CPU
		Release|Any CPU = Release|Any CPU
	EndGlobalSection
	GlobalSection(ProjectConfigurationPlatforms) = postSolution
		{522D25AC-EF6C-4661-91FD-45C3D76CA47C}.Debug|Any CPU.ActiveCfg = Debug|Any CPU
		{522D25AC-EF6C-4661-91FD-45C3D76CA47C}.Debug|Any CPU.Build.0 = Debug|Any CPU
		{522D25AC-EF6C-4661-91FD-45C3D76CA47C}.Release|Any CPU.ActiveCfg = Release|Any CPU
		{522D25AC-EF6C-4661-91FD-45C3D76CA47C}.Release|Any CPU.Build.0 = Release|Any CPU
	EndGlobalSection
	GlobalSection(SolutionProperties) = preSolution
		HideSolutionNode = FALSE
	EndGlobalSection
	GlobalSection(ExtensibilityGlobals) = postSolution
		SolutionGuid = {01D9DD55-2C0A-4A56-9699-F1B9A091B75D}
	EndGlobalSection
EndGlobal
